
Microsoft Visual Studio Solution File, Format Version 12.00
# Visual Studio Version 16
VisualStudioVersion = 16.0.29709.97
MinimumVisualStudioVersion = 10.0.40219.1
Project("{9A19103F-16F7-4668-BE54-9A1E7A4F7556}") = "anegi", "anegi.csproj", "{688E625C-706B-437D-9EE6-41A241AC2434}"
EndProject
Global
	GlobalSection(SolutionConfigurationPlatforms) = preSolution
		Debug|Any CPU = Debug|Any CPU
		Release|Any CPU = Release|Any CPU
	EndGlobalSection
	GlobalSection(ProjectConfigurationPlatforms) = postSolution
		{688E625C-706B-437D-9EE6-41A241AC2434}.Debug|Any CPU.ActiveCfg = Debug|Any CPU
		{688E625C-706B-437D-9EE6-41A241AC2434}.Debug|Any CPU.Build.0 = Debug|Any CPU
		{688E625C-706B-437D-9EE6-41A241AC2434}.Release|Any CPU.ActiveCfg = Release|Any CPU
		{688E625C-706B-437D-9EE6-41A241AC2434}.Release|Any CPU.Build.0 = Release|Any CPU
	EndGlobalSection
	GlobalSection(SolutionProperties) = preSolution
		HideSolutionNode = FALSE
	EndGlobalSection
	GlobalSection(ExtensibilityGlobals) = postSolution
		SolutionGuid = {99AB7E6E-9DFA-4757-AA6E-07B5E4C4707D}
	EndGlobalSection
EndGlobal
